<?xml version="1.0" encoding="UTF-8"?>
<CodeBlocks_project_file>
	<FileVersion major="1" minor="6"/>
	<Project>
		<Option title="my-leetcode-way"/>
		<Option makefile_is_custom="1"/>
		<Option compiler="gcc"/>
		<Option virtualFolders="CMake Files\;"/>
		<Build>
			<Target title="all">
				<Option working_dir="/Users/hymanzhou/CLionProjects/my-leetcode-cpp"/>
				<Option type="4"/>
				<MakeCommands>
					<Build command="/usr/bin/make -f &quot;/Users/hymanzhou/CLionProjects/my-leetcode-cpp/Makefile&quot;  VERBOSE=1 all"/>
					<CompileFile command="/usr/bin/make -f &quot;/Users/hymanzhou/CLionProjects/my-leetcode-cpp/Makefile&quot;  VERBOSE=1 &quot;$file&quot;"/>
					<Clean command="/usr/bin/make -f &quot;/Users/hymanzhou/CLionProjects/my-leetcode-cpp/Makefile&quot;  VERBOSE=1 clean"/>
					<DistClean command="/usr/bin/make -f &quot;/Users/hymanzhou/CLionProjects/my-leetcode-cpp/Makefile&quot;  VERBOSE=1 clean"/>
				</MakeCommands>
			</Target>
			<Target title="edit_cache">
				<Option working_dir="/Users/hymanzhou/CLionProjects/my-leetcode-cpp"/>
				<Option type="4"/>
				<MakeCommands>
					<Build command="/usr/bin/make -f &quot;/Users/hymanzhou/CLionProjects/my-leetcode-cpp/Makefile&quot;  VERBOSE=1 edit_cache"/>
					<CompileFile command="/usr/bin/make -f &quot;/Users/hymanzhou/CLionProjects/my-leetcode-cpp/Makefile&quot;  VERBOSE=1 &quot;$file&quot;"/>
					<Clean command="/usr/bin/make -f &quot;/Users/hymanzhou/CLionProjects/my-leetcode-cpp/Makefile&quot;  VERBOSE=1 clean"/>
					<DistClean command="/usr/bin/make -f &quot;/Users/hymanzhou/CLionProjects/my-leetcode-cpp/Makefile&quot;  VERBOSE=1 clean"/>
				</MakeCommands>
			</Target>
			<Target title="1226-The-Dining-Philosophers">
				<Option output="/Users/hymanzhou/CLionProjects/my-leetcode-cpp/bin/1226-The-Dining-Philosophers" prefix_auto="0" extension_auto="0"/>
				<Option working_dir="bin/"/>
				<Option object_output="./"/>
				<Option type="1"/>
				<Option compiler="gcc"/>
				<Compiler>
					<Add directory="/Users/hymanzhou/CLionProjects/my-leetcode-cpp/utils"/>
				</Compiler>
				<MakeCommands>
					<Build command="/usr/bin/make -f &quot;/Users/hymanzhou/CLionProjects/my-leetcode-cpp/Makefile&quot;  VERBOSE=1 1226-The-Dining-Philosophers"/>
					<CompileFile command="/usr/bin/make -f &quot;/Users/hymanzhou/CLionProjects/my-leetcode-cpp/Makefile&quot;  VERBOSE=1 &quot;$file&quot;"/>
					<Clean command="/usr/bin/make -f &quot;/Users/hymanzhou/CLionProjects/my-leetcode-cpp/Makefile&quot;  VERBOSE=1 clean"/>
					<DistClean command="/usr/bin/make -f &quot;/Users/hymanzhou/CLionProjects/my-leetcode-cpp/Makefile&quot;  VERBOSE=1 clean"/>
				</MakeCommands>
			</Target>
			<Target title="1226-The-Dining-Philosophers/fast">
				<Option output="/Users/hymanzhou/CLionProjects/my-leetcode-cpp/bin/1226-The-Dining-Philosophers" prefix_auto="0" extension_auto="0"/>
				<Option working_dir="bin/"/>
				<Option object_output="./"/>
				<Option type="1"/>
				<Option compiler="gcc"/>
				<Compiler>
					<Add directory="/Users/hymanzhou/CLionProjects/my-leetcode-cpp/utils"/>
				</Compiler>
				<MakeCommands>
					<Build command="/usr/bin/make -f &quot;/Users/hymanzhou/CLionProjects/my-leetcode-cpp/Makefile&quot;  VERBOSE=1 1226-The-Dining-Philosophers/fast"/>
					<CompileFile command="/usr/bin/make -f &quot;/Users/hymanzhou/CLionProjects/my-leetcode-cpp/Makefile&quot;  VERBOSE=1 &quot;$file&quot;"/>
					<Clean command="/usr/bin/make -f &quot;/Users/hymanzhou/CLionProjects/my-leetcode-cpp/Makefile&quot;  VERBOSE=1 clean"/>
					<DistClean command="/usr/bin/make -f &quot;/Users/hymanzhou/CLionProjects/my-leetcode-cpp/Makefile&quot;  VERBOSE=1 clean"/>
				</MakeCommands>
			</Target>
			<Target title="rebuild_cache">
				<Option working_dir="/Users/hymanzhou/CLionProjects/my-leetcode-cpp"/>
				<Option type="4"/>
				<MakeCommands>
					<Build command="/usr/bin/make -f &quot;/Users/hymanzhou/CLionProjects/my-leetcode-cpp/Makefile&quot;  VERBOSE=1 rebuild_cache"/>
					<CompileFile command="/usr/bin/make -f &quot;/Users/hymanzhou/CLionProjects/my-leetcode-cpp/Makefile&quot;  VERBOSE=1 &quot;$file&quot;"/>
					<Clean command="/usr/bin/make -f &quot;/Users/hymanzhou/CLionProjects/my-leetcode-cpp/Makefile&quot;  VERBOSE=1 clean"/>
					<DistClean command="/usr/bin/make -f &quot;/Users/hymanzhou/CLionProjects/my-leetcode-cpp/Makefile&quot;  VERBOSE=1 clean"/>
				</MakeCommands>
			</Target>
			<Target title="1195-Fizz-Buzz-Multithreaded">
				<Option output="/Users/hymanzhou/CLionProjects/my-leetcode-cpp/bin/1195-Fizz-Buzz-Multithreaded" prefix_auto="0" extension_auto="0"/>
				<Option working_dir="bin/"/>
				<Option object_output="./"/>
				<Option type="1"/>
				<Option compiler="gcc"/>
				<Compiler>
					<Add directory="/Users/hymanzhou/CLionProjects/my-leetcode-cpp/utils"/>
				</Compiler>
				<MakeCommands>
					<Build command="/usr/bin/make -f &quot;/Users/hymanzhou/CLionProjects/my-leetcode-cpp/Makefile&quot;  VERBOSE=1 1195-Fizz-Buzz-Multithreaded"/>
					<CompileFile command="/usr/bin/make -f &quot;/Users/hymanzhou/CLionProjects/my-leetcode-cpp/Makefile&quot;  VERBOSE=1 &quot;$file&quot;"/>
					<Clean command="/usr/bin/make -f &quot;/Users/hymanzhou/CLionProjects/my-leetcode-cpp/Makefile&quot;  VERBOSE=1 clean"/>
					<DistClean command="/usr/bin/make -f &quot;/Users/hymanzhou/CLionProjects/my-leetcode-cpp/Makefile&quot;  VERBOSE=1 clean"/>
				</MakeCommands>
			</Target>
			<Target title="1195-Fizz-Buzz-Multithreaded/fast">
				<Option output="/Users/hymanzhou/CLionProjects/my-leetcode-cpp/bin/1195-Fizz-Buzz-Multithreaded" prefix_auto="0" extension_auto="0"/>
				<Option working_dir="bin/"/>
				<Option object_output="./"/>
				<Option type="1"/>
				<Option compiler="gcc"/>
				<Compiler>
					<Add directory="/Users/hymanzhou/CLionProjects/my-leetcode-cpp/utils"/>
				</Compiler>
				<MakeCommands>
					<Build command="/usr/bin/make -f &quot;/Users/hymanzhou/CLionProjects/my-leetcode-cpp/Makefile&quot;  VERBOSE=1 1195-Fizz-Buzz-Multithreaded/fast"/>
					<CompileFile command="/usr/bin/make -f &quot;/Users/hymanzhou/CLionProjects/my-leetcode-cpp/Makefile&quot;  VERBOSE=1 &quot;$file&quot;"/>
					<Clean command="/usr/bin/make -f &quot;/Users/hymanzhou/CLionProjects/my-leetcode-cpp/Makefile&quot;  VERBOSE=1 clean"/>
					<DistClean command="/usr/bin/make -f &quot;/Users/hymanzhou/CLionProjects/my-leetcode-cpp/Makefile&quot;  VERBOSE=1 clean"/>
				</MakeCommands>
			</Target>
			<Target title="1114-Print-in-Order">
				<Option output="/Users/hymanzhou/CLionProjects/my-leetcode-cpp/bin/1114-Print-in-Order" prefix_auto="0" extension_auto="0"/>
				<Option working_dir="bin/"/>
				<Option object_output="./"/>
				<Option type="1"/>
				<Option compiler="gcc"/>
				<Compiler>
					<Add directory="/Users/hymanzhou/CLionProjects/my-leetcode-cpp/utils"/>
				</Compiler>
				<MakeCommands>
					<Build command="/usr/bin/make -f &quot;/Users/hymanzhou/CLionProjects/my-leetcode-cpp/Makefile&quot;  VERBOSE=1 1114-Print-in-Order"/>
					<CompileFile command="/usr/bin/make -f &quot;/Users/hymanzhou/CLionProjects/my-leetcode-cpp/Makefile&quot;  VERBOSE=1 &quot;$file&quot;"/>
					<Clean command="/usr/bin/make -f &quot;/Users/hymanzhou/CLionProjects/my-leetcode-cpp/Makefile&quot;  VERBOSE=1 clean"/>
					<DistClean command="/usr/bin/make -f &quot;/Users/hymanzhou/CLionProjects/my-leetcode-cpp/Makefile&quot;  VERBOSE=1 clean"/>
				</MakeCommands>
			</Target>
			<Target title="1114-Print-in-Order/fast">
				<Option output="/Users/hymanzhou/CLionProjects/my-leetcode-cpp/bin/1114-Print-in-Order" prefix_auto="0" extension_auto="0"/>
				<Option working_dir="bin/"/>
				<Option object_output="./"/>
				<Option type="1"/>
				<Option compiler="gcc"/>
				<Compiler>
					<Add directory="/Users/hymanzhou/CLionProjects/my-leetcode-cpp/utils"/>
				</Compiler>
				<MakeCommands>
					<Build command="/usr/bin/make -f &quot;/Users/hymanzhou/CLionProjects/my-leetcode-cpp/Makefile&quot;  VERBOSE=1 1114-Print-in-Order/fast"/>
					<CompileFile command="/usr/bin/make -f &quot;/Users/hymanzhou/CLionProjects/my-leetcode-cpp/Makefile&quot;  VERBOSE=1 &quot;$file&quot;"/>
					<Clean command="/usr/bin/make -f &quot;/Users/hymanzhou/CLionProjects/my-leetcode-cpp/Makefile&quot;  VERBOSE=1 clean"/>
					<DistClean command="/usr/bin/make -f &quot;/Users/hymanzhou/CLionProjects/my-leetcode-cpp/Makefile&quot;  VERBOSE=1 clean"/>
				</MakeCommands>
			</Target>
			<Target title="1117-Building-H2O">
				<Option output="/Users/hymanzhou/CLionProjects/my-leetcode-cpp/bin/1117-Building-H2O" prefix_auto="0" extension_auto="0"/>
				<Option working_dir="bin/"/>
				<Option object_output="./"/>
				<Option type="1"/>
				<Option compiler="gcc"/>
				<Compiler>
					<Add directory="/Users/hymanzhou/CLionProjects/my-leetcode-cpp/utils"/>
				</Compiler>
				<MakeCommands>
					<Build command="/usr/bin/make -f &quot;/Users/hymanzhou/CLionProjects/my-leetcode-cpp/Makefile&quot;  VERBOSE=1 1117-Building-H2O"/>
					<CompileFile command="/usr/bin/make -f &quot;/Users/hymanzhou/CLionProjects/my-leetcode-cpp/Makefile&quot;  VERBOSE=1 &quot;$file&quot;"/>
					<Clean command="/usr/bin/make -f &quot;/Users/hymanzhou/CLionProjects/my-leetcode-cpp/Makefile&quot;  VERBOSE=1 clean"/>
					<DistClean command="/usr/bin/make -f &quot;/Users/hymanzhou/CLionProjects/my-leetcode-cpp/Makefile&quot;  VERBOSE=1 clean"/>
				</MakeCommands>
			</Target>
			<Target title="1117-Building-H2O/fast">
				<Option output="/Users/hymanzhou/CLionProjects/my-leetcode-cpp/bin/1117-Building-H2O" prefix_auto="0" extension_auto="0"/>
				<Option working_dir="bin/"/>
				<Option object_output="./"/>
				<Option type="1"/>
				<Option compiler="gcc"/>
				<Compiler>
					<Add directory="/Users/hymanzhou/CLionProjects/my-leetcode-cpp/utils"/>
				</Compiler>
				<MakeCommands>
					<Build command="/usr/bin/make -f &quot;/Users/hymanzhou/CLionProjects/my-leetcode-cpp/Makefile&quot;  VERBOSE=1 1117-Building-H2O/fast"/>
					<CompileFile command="/usr/bin/make -f &quot;/Users/hymanzhou/CLionProjects/my-leetcode-cpp/Makefile&quot;  VERBOSE=1 &quot;$file&quot;"/>
					<Clean command="/usr/bin/make -f &quot;/Users/hymanzhou/CLionProjects/my-leetcode-cpp/Makefile&quot;  VERBOSE=1 clean"/>
					<DistClean command="/usr/bin/make -f &quot;/Users/hymanzhou/CLionProjects/my-leetcode-cpp/Makefile&quot;  VERBOSE=1 clean"/>
				</MakeCommands>
			</Target>
			<Target title="1116-Print-Zero-Even-Odd">
				<Option output="/Users/hymanzhou/CLionProjects/my-leetcode-cpp/bin/1116-Print-Zero-Even-Odd" prefix_auto="0" extension_auto="0"/>
				<Option working_dir="bin/"/>
				<Option object_output="./"/>
				<Option type="1"/>
				<Option compiler="gcc"/>
				<Compiler>
					<Add directory="/Users/hymanzhou/CLionProjects/my-leetcode-cpp/utils"/>
				</Compiler>
				<MakeCommands>
					<Build command="/usr/bin/make -f &quot;/Users/hymanzhou/CLionProjects/my-leetcode-cpp/Makefile&quot;  VERBOSE=1 1116-Print-Zero-Even-Odd"/>
					<CompileFile command="/usr/bin/make -f &quot;/Users/hymanzhou/CLionProjects/my-leetcode-cpp/Makefile&quot;  VERBOSE=1 &quot;$file&quot;"/>
					<Clean command="/usr/bin/make -f &quot;/Users/hymanzhou/CLionProjects/my-leetcode-cpp/Makefile&quot;  VERBOSE=1 clean"/>
					<DistClean command="/usr/bin/make -f &quot;/Users/hymanzhou/CLionProjects/my-leetcode-cpp/Makefile&quot;  VERBOSE=1 clean"/>
				</MakeCommands>
			</Target>
			<Target title="1116-Print-Zero-Even-Odd/fast">
				<Option output="/Users/hymanzhou/CLionProjects/my-leetcode-cpp/bin/1116-Print-Zero-Even-Odd" prefix_auto="0" extension_auto="0"/>
				<Option working_dir="bin/"/>
				<Option object_output="./"/>
				<Option type="1"/>
				<Option compiler="gcc"/>
				<Compiler>
					<Add directory="/Users/hymanzhou/CLionProjects/my-leetcode-cpp/utils"/>
				</Compiler>
				<MakeCommands>
					<Build command="/usr/bin/make -f &quot;/Users/hymanzhou/CLionProjects/my-leetcode-cpp/Makefile&quot;  VERBOSE=1 1116-Print-Zero-Even-Odd/fast"/>
					<CompileFile command="/usr/bin/make -f &quot;/Users/hymanzhou/CLionProjects/my-leetcode-cpp/Makefile&quot;  VERBOSE=1 &quot;$file&quot;"/>
					<Clean command="/usr/bin/make -f &quot;/Users/hymanzhou/CLionProjects/my-leetcode-cpp/Makefile&quot;  VERBOSE=1 clean"/>
					<DistClean command="/usr/bin/make -f &quot;/Users/hymanzhou/CLionProjects/my-leetcode-cpp/Makefile&quot;  VERBOSE=1 clean"/>
				</MakeCommands>
			</Target>
			<Target title="1115-Print-FooBar-Alternately">
				<Option output="/Users/hymanzhou/CLionProjects/my-leetcode-cpp/bin/1115-Print-FooBar-Alternately" prefix_auto="0" extension_auto="0"/>
				<Option working_dir="bin/"/>
				<Option object_output="./"/>
				<Option type="1"/>
				<Option compiler="gcc"/>
				<Compiler>
					<Add directory="/Users/hymanzhou/CLionProjects/my-leetcode-cpp/utils"/>
				</Compiler>
				<MakeCommands>
					<Build command="/usr/bin/make -f &quot;/Users/hymanzhou/CLionProjects/my-leetcode-cpp/Makefile&quot;  VERBOSE=1 1115-Print-FooBar-Alternately"/>
					<CompileFile command="/usr/bin/make -f &quot;/Users/hymanzhou/CLionProjects/my-leetcode-cpp/Makefile&quot;  VERBOSE=1 &quot;$file&quot;"/>
					<Clean command="/usr/bin/make -f &quot;/Users/hymanzhou/CLionProjects/my-leetcode-cpp/Makefile&quot;  VERBOSE=1 clean"/>
					<DistClean command="/usr/bin/make -f &quot;/Users/hymanzhou/CLionProjects/my-leetcode-cpp/Makefile&quot;  VERBOSE=1 clean"/>
				</MakeCommands>
			</Target>
			<Target title="1115-Print-FooBar-Alternately/fast">
				<Option output="/Users/hymanzhou/CLionProjects/my-leetcode-cpp/bin/1115-Print-FooBar-Alternately" prefix_auto="0" extension_auto="0"/>
				<Option working_dir="bin/"/>
				<Option object_output="./"/>
				<Option type="1"/>
				<Option compiler="gcc"/>
				<Compiler>
					<Add directory="/Users/hymanzhou/CLionProjects/my-leetcode-cpp/utils"/>
				</Compiler>
				<MakeCommands>
					<Build command="/usr/bin/make -f &quot;/Users/hymanzhou/CLionProjects/my-leetcode-cpp/Makefile&quot;  VERBOSE=1 1115-Print-FooBar-Alternately/fast"/>
					<CompileFile command="/usr/bin/make -f &quot;/Users/hymanzhou/CLionProjects/my-leetcode-cpp/Makefile&quot;  VERBOSE=1 &quot;$file&quot;"/>
					<Clean command="/usr/bin/make -f &quot;/Users/hymanzhou/CLionProjects/my-leetcode-cpp/Makefile&quot;  VERBOSE=1 clean"/>
					<DistClean command="/usr/bin/make -f &quot;/Users/hymanzhou/CLionProjects/my-leetcode-cpp/Makefile&quot;  VERBOSE=1 clean"/>
				</MakeCommands>
			</Target>
		</Build>
		<Unit filename="/Users/hymanzhou/CLionProjects/my-leetcode-cpp/concurrency/1114-Print-in-Order.cpp">
			<Option target="1114-Print-in-Order"/>
		</Unit>
		<Unit filename="/Users/hymanzhou/CLionProjects/my-leetcode-cpp/concurrency/1115-Print-FooBar-Alternately.cpp">
			<Option target="1115-Print-FooBar-Alternately"/>
		</Unit>
		<Unit filename="/Users/hymanzhou/CLionProjects/my-leetcode-cpp/concurrency/1116-Print-Zero-Even-Odd.cpp">
			<Option target="1116-Print-Zero-Even-Odd"/>
		</Unit>
		<Unit filename="/Users/hymanzhou/CLionProjects/my-leetcode-cpp/concurrency/1117-Building-H2O.cpp">
			<Option target="1117-Building-H2O"/>
		</Unit>
		<Unit filename="/Users/hymanzhou/CLionProjects/my-leetcode-cpp/concurrency/1195-Fizz-Buzz-Multithreaded.cpp">
			<Option target="1195-Fizz-Buzz-Multithreaded"/>
		</Unit>
		<Unit filename="/Users/hymanzhou/CLionProjects/my-leetcode-cpp/concurrency/1226-The-Dining-Philosophers.cpp">
			<Option target="1226-The-Dining-Philosophers"/>
		</Unit>
		<Unit filename="/Users/hymanzhou/CLionProjects/my-leetcode-cpp/CMakeLists.txt">
			<Option virtualFolder="CMake Files\"/>
		</Unit>
	</Project>
</CodeBlocks_project_file>
